# This is a Gradle generated file for dependency locking.
# Manual edits can break the build and are not advised.
# This file is expected to be part of source control.
com.google.code.findbugs:jsr305:3.0.2
com.google.errorprone:error_prone_annotations:2.2.0
com.google.guava:failureaccess:1.0.1
com.google.guava:guava:27.1-android
com.google.guava:listenablefuture:9999.0-empty-to-avoid-conflict-with-guava
com.google.j2objc:j2objc-annotations:1.1
org.checkerframework:checker-compat-qual:2.5.2
org.codehaus.mojo:animal-sniffer-annotations:1.17
org.slf4j:slf4j-api:1.7.31
org.smali:dexlib2:2.4.0
