# This is a Gradle generated file for dependency locking.
# Manual edits can break the build and are not advised.
# This file is expected to be part of source control.
commons-io:commons-io:2.11.0=runtimeClasspath,testFixturesRuntimeClasspath,testRuntimeClasspath
junit:junit:4.13.2=testCompileClasspath,testRuntimeClasspath
org.apache.ant:ant-launcher:1.10.11=testRuntimeClasspath
org.apache.ant:ant:1.10.11=testRuntimeClasspath
org.eclipse.jdt:org.eclipse.jdt.core:3.20.0=compileClasspath,runtimeClasspath,testCompileClasspath,testFixturesRuntimeClasspath,testRuntimeClasspath
org.eclipse.platform:org.eclipse.core.commands:3.9.700=compileClasspath,runtimeClasspath,testCompileClasspath,testFixturesRuntimeClasspath,testRuntimeClasspath
org.eclipse.platform:org.eclipse.core.contenttype:3.7.1000=compileClasspath,runtimeClasspath,testCompileClasspath,testFixturesRuntimeClasspath,testRuntimeClasspath
org.eclipse.platform:org.eclipse.core.expressions:3.7.100=compileClasspath,runtimeClasspath,testCompileClasspath,testFixturesRuntimeClasspath,testRuntimeClasspath
org.eclipse.platform:org.eclipse.core.filesystem:1.9.0=compileClasspath,runtimeClasspath,testCompileClasspath,testFixturesRuntimeClasspath,testRuntimeClasspath
org.eclipse.platform:org.eclipse.core.jobs:3.11.0=compileClasspath,runtimeClasspath,testCompileClasspath,testFixturesRuntimeClasspath,testRuntimeClasspath
org.eclipse.platform:org.eclipse.core.resources:3.14.0=compileClasspath,runtimeClasspath,testCompileClasspath,testFixturesRuntimeClasspath,testRuntimeClasspath
org.eclipse.platform:org.eclipse.core.runtime:3.17.0=compileClasspath,runtimeClasspath,testCompileClasspath,testFixturesRuntimeClasspath,testRuntimeClasspath
org.eclipse.platform:org.eclipse.equinox.app:1.5.100=compileClasspath,runtimeClasspath,testCompileClasspath,testFixturesRuntimeClasspath,testRuntimeClasspath
org.eclipse.platform:org.eclipse.equinox.common:3.14.100=compileClasspath,runtimeClasspath,testCompileClasspath,testFixturesRuntimeClasspath,testRuntimeClasspath
org.eclipse.platform:org.eclipse.equinox.preferences:3.8.200=compileClasspath,runtimeClasspath,testCompileClasspath,testFixturesRuntimeClasspath,testRuntimeClasspath
org.eclipse.platform:org.eclipse.equinox.registry:3.8.600=compileClasspath,runtimeClasspath,testCompileClasspath,testFixturesRuntimeClasspath,testRuntimeClasspath
org.eclipse.platform:org.eclipse.osgi:3.17.0=compileClasspath,runtimeClasspath,testCompileClasspath,testFixturesRuntimeClasspath,testRuntimeClasspath
org.eclipse.platform:org.eclipse.text:3.12.0=compileClasspath,runtimeClasspath,testCompileClasspath,testFixturesRuntimeClasspath,testRuntimeClasspath
org.hamcrest:hamcrest:2.2=testCompileClasspath,testRuntimeClasspath
empty=annotationProcessor,signatures,testAnnotationProcessor,testFixturesAnnotationProcessor,testFixturesCompileClasspath
