# This is a Gradle generated file for dependency locking.
# Manual edits can break the build and are not advised.
# This file is expected to be part of source control.
com.google.code.gson:gson:2.8.8=runtimeClasspath,testFixturesRuntimeClasspath,testRuntimeClasspath
commons-io:commons-io:2.11.0=runtimeClasspath,testFixturesRuntimeClasspath,testRuntimeClasspath
junit:junit:4.13.2=testRuntimeClasspath
net.htmlparser.jericho:jericho-html:3.2=runtimeClasspath,testFixturesRuntimeClasspath,testRuntimeClasspath
nu.validator.htmlparser:htmlparser:1.4=compileClasspath,runtimeClasspath,testCompileClasspath,testFixturesRuntimeClasspath,testRuntimeClasspath
org.apache.ant:ant-launcher:1.10.11=testRuntimeClasspath
org.apache.ant:ant:1.10.11=testRuntimeClasspath
org.hamcrest:hamcrest:2.2=testRuntimeClasspath
org.mozilla:rhino:1.7.13=testRuntimeClasspath
empty=annotationProcessor,signatures,testAnnotationProcessor,testFixturesAnnotationProcessor,testFixturesCompileClasspath
