# This is a Gradle generated file for dependency locking.
# Manual edits can break the build and are not advised.
# This file is expected to be part of source control.
com.google.code.gson:gson:2.8.7
commons-io:commons-io:2.11.0
junit:junit:4.13.2
net.htmlparser.jericho:jericho-html:3.2
org.hamcrest:hamcrest-core:1.3
