# This is a Gradle generated file for dependency locking.
# Manual edits can break the build and are not advised.
# This file is expected to be part of source control.
com.google.code.gson:gson:2.8.8=runtimeClasspath,testFixturesRuntimeClasspath,testRuntimeClasspath
commons-io:commons-io:1.3.1=compileClasspath,testCompileClasspath
commons-io:commons-io:2.11.0=runtimeClasspath,testFixturesRuntimeClasspath,testRuntimeClasspath
commons-jxpath:commons-jxpath:1.3=compileClasspath,runtimeClasspath,testCompileClasspath,testFixturesRuntimeClasspath,testRuntimeClasspath
commons-logging:commons-logging:1.0.4=compileClasspath,runtimeClasspath,testCompileClasspath,testFixturesRuntimeClasspath,testRuntimeClasspath
jakarta.annotation:jakarta.annotation-api:2.0.0-RC1=compileClasspath,runtimeClasspath,testCompileClasspath,testFixturesCompileClasspath,testFixturesRuntimeClasspath,testRuntimeClasspath
javax.annotation:javax.annotation-api:1.3.2=compileClasspath,runtimeClasspath,testCompileClasspath,testFixturesCompileClasspath,testFixturesRuntimeClasspath,testRuntimeClasspath
junit:junit:4.13.2=runtimeClasspath,testFixturesRuntimeClasspath,testRuntimeClasspath
net.htmlparser.jericho:jericho-html:3.2=runtimeClasspath,testFixturesRuntimeClasspath,testRuntimeClasspath
net.java.dev.jna:jna-platform:5.8.0=compileClasspath,runtimeClasspath,testCompileClasspath,testFixturesRuntimeClasspath,testRuntimeClasspath
net.java.dev.jna:jna:5.8.0=compileClasspath,runtimeClasspath,testCompileClasspath,testFixturesRuntimeClasspath,testRuntimeClasspath
org.apache.xmlgraphics:batik-constants:1.14=compileClasspath,runtimeClasspath,testCompileClasspath,testFixturesRuntimeClasspath,testRuntimeClasspath
org.apache.xmlgraphics:batik-css:1.14=compileClasspath,runtimeClasspath,testCompileClasspath,testFixturesRuntimeClasspath,testRuntimeClasspath
org.apache.xmlgraphics:batik-i18n:1.14=compileClasspath,runtimeClasspath,testCompileClasspath,testFixturesRuntimeClasspath,testRuntimeClasspath
org.apache.xmlgraphics:batik-shared-resources:1.14=compileClasspath,runtimeClasspath,testCompileClasspath,testFixturesRuntimeClasspath,testRuntimeClasspath
org.apache.xmlgraphics:batik-util:1.14=compileClasspath,runtimeClasspath,testCompileClasspath,testFixturesRuntimeClasspath,testRuntimeClasspath
org.apache.xmlgraphics:xmlgraphics-commons:2.6=compileClasspath,runtimeClasspath,testCompileClasspath,testFixturesRuntimeClasspath,testRuntimeClasspath
org.eclipse.birt.runtime:org.w3c.css.sac:1.3.1.v200903091627=compileClasspath,runtimeClasspath,testCompileClasspath,testFixturesRuntimeClasspath,testRuntimeClasspath
org.eclipse.emf:org.eclipse.emf.common:2.22.0=compileClasspath,runtimeClasspath,testCompileClasspath,testFixturesRuntimeClasspath,testRuntimeClasspath
org.eclipse.emf:org.eclipse.emf.ecore.change:2.14.0=compileClasspath,runtimeClasspath,testCompileClasspath,testFixturesRuntimeClasspath,testRuntimeClasspath
org.eclipse.emf:org.eclipse.emf.ecore.xmi:2.16.0=compileClasspath,runtimeClasspath,testCompileClasspath,testFixturesRuntimeClasspath,testRuntimeClasspath
org.eclipse.emf:org.eclipse.emf.ecore:2.24.0=compileClasspath,runtimeClasspath,testCompileClasspath,testFixturesRuntimeClasspath,testRuntimeClasspath
org.eclipse.jdt:org.eclipse.jdt.core:3.26.0=compileClasspath,runtimeClasspath,testCompileClasspath,testFixturesCompileClasspath,testFixturesRuntimeClasspath,testRuntimeClasspath
org.eclipse.jdt:org.eclipse.jdt.debug:3.17.200=compileClasspath,runtimeClasspath,testCompileClasspath,testFixturesCompileClasspath,testFixturesRuntimeClasspath,testRuntimeClasspath
org.eclipse.jdt:org.eclipse.jdt.launching:3.19.200=compileClasspath,runtimeClasspath,testCompileClasspath,testFixturesCompileClasspath,testFixturesRuntimeClasspath,testRuntimeClasspath
org.eclipse.pde:org.eclipse.pde.build:3.11.0=compileClasspath,runtimeClasspath,testCompileClasspath,testFixturesCompileClasspath,testFixturesRuntimeClasspath,testRuntimeClasspath
org.eclipse.pde:org.eclipse.pde.core:3.13.300=compileClasspath,runtimeClasspath,testCompileClasspath,testFixturesCompileClasspath,testFixturesRuntimeClasspath,testRuntimeClasspath
org.eclipse.platform:org.eclipse.ant.core:3.6.0=compileClasspath,runtimeClasspath,testCompileClasspath,testFixturesCompileClasspath,testFixturesRuntimeClasspath,testRuntimeClasspath
org.eclipse.platform:org.eclipse.compare.core:3.6.1000=compileClasspath,runtimeClasspath,testCompileClasspath,testFixturesCompileClasspath,testFixturesRuntimeClasspath,testRuntimeClasspath
org.eclipse.platform:org.eclipse.core.commands:3.10.0=testFixturesCompileClasspath
org.eclipse.platform:org.eclipse.core.commands:3.9.700=compileClasspath,runtimeClasspath,testCompileClasspath,testFixturesRuntimeClasspath,testRuntimeClasspath
org.eclipse.platform:org.eclipse.core.contenttype:3.7.1000=compileClasspath,runtimeClasspath,testCompileClasspath,testFixturesCompileClasspath,testFixturesRuntimeClasspath,testRuntimeClasspath
org.eclipse.platform:org.eclipse.core.databinding.observable:1.10.0=compileClasspath,runtimeClasspath,testCompileClasspath,testFixturesRuntimeClasspath,testRuntimeClasspath
org.eclipse.platform:org.eclipse.core.databinding.property:1.8.100=compileClasspath,runtimeClasspath,testCompileClasspath,testFixturesRuntimeClasspath,testRuntimeClasspath
org.eclipse.platform:org.eclipse.core.databinding:1.10.100=compileClasspath,runtimeClasspath,testCompileClasspath,testFixturesRuntimeClasspath,testRuntimeClasspath
org.eclipse.platform:org.eclipse.core.expressions:3.7.100=compileClasspath,runtimeClasspath,testCompileClasspath,testFixturesCompileClasspath,testFixturesRuntimeClasspath,testRuntimeClasspath
org.eclipse.platform:org.eclipse.core.filebuffers:3.7.0=compileClasspath,runtimeClasspath,testCompileClasspath,testFixturesCompileClasspath,testFixturesRuntimeClasspath,testRuntimeClasspath
org.eclipse.platform:org.eclipse.core.filesystem:1.9.0=compileClasspath,runtimeClasspath,testCompileClasspath,testFixturesCompileClasspath,testFixturesRuntimeClasspath,testRuntimeClasspath
org.eclipse.platform:org.eclipse.core.jobs:3.10.700=compileClasspath,runtimeClasspath,testCompileClasspath,testFixturesRuntimeClasspath,testRuntimeClasspath
org.eclipse.platform:org.eclipse.core.jobs:3.11.0=testFixturesCompileClasspath
org.eclipse.platform:org.eclipse.core.resources:3.13.700=compileClasspath,runtimeClasspath,testCompileClasspath,testRuntimeClasspath
org.eclipse.platform:org.eclipse.core.resources:3.14.0=testFixturesRuntimeClasspath
org.eclipse.platform:org.eclipse.core.resources:3.15.0=testFixturesCompileClasspath
org.eclipse.platform:org.eclipse.core.runtime:3.22.0=compileClasspath,runtimeClasspath,testCompileClasspath,testFixturesCompileClasspath,testFixturesRuntimeClasspath,testRuntimeClasspath
org.eclipse.platform:org.eclipse.core.variables:3.5.0=compileClasspath,runtimeClasspath,testCompileClasspath,testFixturesCompileClasspath,testFixturesRuntimeClasspath,testRuntimeClasspath
org.eclipse.platform:org.eclipse.debug.core:3.18.100=compileClasspath,runtimeClasspath,testCompileClasspath,testFixturesCompileClasspath,testFixturesRuntimeClasspath,testRuntimeClasspath
org.eclipse.platform:org.eclipse.e4.core.commands:1.0.0=compileClasspath,runtimeClasspath,testCompileClasspath,testFixturesRuntimeClasspath,testRuntimeClasspath
org.eclipse.platform:org.eclipse.e4.core.contexts:1.8.400=compileClasspath,runtimeClasspath,testCompileClasspath,testFixturesCompileClasspath,testFixturesRuntimeClasspath,testRuntimeClasspath
org.eclipse.platform:org.eclipse.e4.core.di.annotations:1.6.600=compileClasspath,runtimeClasspath,testCompileClasspath,testFixturesCompileClasspath,testFixturesRuntimeClasspath,testRuntimeClasspath
org.eclipse.platform:org.eclipse.e4.core.di.extensions:0.16.0=compileClasspath,runtimeClasspath,testCompileClasspath,testFixturesRuntimeClasspath,testRuntimeClasspath
org.eclipse.platform:org.eclipse.e4.core.di:1.7.800=compileClasspath,runtimeClasspath,testCompileClasspath,testFixturesCompileClasspath,testFixturesRuntimeClasspath,testRuntimeClasspath
org.eclipse.platform:org.eclipse.e4.core.services:2.2.600=compileClasspath,runtimeClasspath,testCompileClasspath,testFixturesCompileClasspath,testFixturesRuntimeClasspath,testRuntimeClasspath
org.eclipse.platform:org.eclipse.e4.emf.xpath:0.2.800=compileClasspath,runtimeClasspath,testCompileClasspath,testFixturesRuntimeClasspath,testRuntimeClasspath
org.eclipse.platform:org.eclipse.e4.ui.bindings:0.13.0=compileClasspath,runtimeClasspath,testCompileClasspath,testFixturesRuntimeClasspath,testRuntimeClasspath
org.eclipse.platform:org.eclipse.e4.ui.css.core:0.13.0=compileClasspath,runtimeClasspath,testCompileClasspath,testFixturesRuntimeClasspath,testRuntimeClasspath
org.eclipse.platform:org.eclipse.e4.ui.css.swt.theme:0.13.0=compileClasspath,runtimeClasspath,testCompileClasspath,testFixturesRuntimeClasspath,testRuntimeClasspath
org.eclipse.platform:org.eclipse.e4.ui.css.swt:0.14.200=compileClasspath,runtimeClasspath,testCompileClasspath,testFixturesRuntimeClasspath,testRuntimeClasspath
org.eclipse.platform:org.eclipse.e4.ui.di:1.3.0=compileClasspath,runtimeClasspath,testCompileClasspath,testFixturesRuntimeClasspath,testRuntimeClasspath
org.eclipse.platform:org.eclipse.e4.ui.dialogs:1.2.100=compileClasspath,runtimeClasspath,testCompileClasspath,testFixturesRuntimeClasspath,testRuntimeClasspath
org.eclipse.platform:org.eclipse.e4.ui.model.workbench:2.1.1000=compileClasspath,runtimeClasspath,testCompileClasspath,testFixturesRuntimeClasspath,testRuntimeClasspath
org.eclipse.platform:org.eclipse.e4.ui.services:1.5.0=compileClasspath,runtimeClasspath,testCompileClasspath,testFixturesRuntimeClasspath,testRuntimeClasspath
org.eclipse.platform:org.eclipse.e4.ui.widgets:1.2.900=compileClasspath,runtimeClasspath,testCompileClasspath,testFixturesRuntimeClasspath,testRuntimeClasspath
org.eclipse.platform:org.eclipse.e4.ui.workbench.addons.swt:1.4.200=compileClasspath,runtimeClasspath,testCompileClasspath,testFixturesRuntimeClasspath,testRuntimeClasspath
org.eclipse.platform:org.eclipse.e4.ui.workbench.renderers.swt:0.15.100=compileClasspath,runtimeClasspath,testCompileClasspath,testFixturesRuntimeClasspath,testRuntimeClasspath
org.eclipse.platform:org.eclipse.e4.ui.workbench.swt:0.16.100=compileClasspath,runtimeClasspath,testCompileClasspath,testFixturesRuntimeClasspath,testRuntimeClasspath
org.eclipse.platform:org.eclipse.e4.ui.workbench3:0.15.500=compileClasspath,runtimeClasspath,testCompileClasspath,testFixturesRuntimeClasspath,testRuntimeClasspath
org.eclipse.platform:org.eclipse.e4.ui.workbench:1.13.0=compileClasspath,runtimeClasspath,testCompileClasspath,testFixturesRuntimeClasspath,testRuntimeClasspath
org.eclipse.platform:org.eclipse.equinox.app:1.5.100=compileClasspath,runtimeClasspath,testCompileClasspath,testFixturesCompileClasspath,testFixturesRuntimeClasspath,testRuntimeClasspath
org.eclipse.platform:org.eclipse.equinox.common:3.11.0=compileClasspath,runtimeClasspath,testCompileClasspath,testRuntimeClasspath
org.eclipse.platform:org.eclipse.equinox.common:3.14.100=testFixturesRuntimeClasspath
org.eclipse.platform:org.eclipse.equinox.common:3.15.0=testFixturesCompileClasspath
org.eclipse.platform:org.eclipse.equinox.frameworkadmin:2.2.0=compileClasspath,runtimeClasspath,testCompileClasspath,testFixturesCompileClasspath,testFixturesRuntimeClasspath,testRuntimeClasspath
org.eclipse.platform:org.eclipse.equinox.p2.core:2.7.0=compileClasspath,runtimeClasspath,testCompileClasspath,testFixturesCompileClasspath,testFixturesRuntimeClasspath,testRuntimeClasspath
org.eclipse.platform:org.eclipse.equinox.p2.director.app:1.2.0=compileClasspath,runtimeClasspath,testCompileClasspath,testFixturesCompileClasspath,testFixturesRuntimeClasspath,testRuntimeClasspath
org.eclipse.platform:org.eclipse.equinox.p2.director:2.5.0=compileClasspath,runtimeClasspath,testCompileClasspath,testFixturesCompileClasspath,testFixturesRuntimeClasspath,testRuntimeClasspath
org.eclipse.platform:org.eclipse.equinox.p2.engine:2.7.0=compileClasspath,runtimeClasspath,testCompileClasspath,testFixturesCompileClasspath,testFixturesRuntimeClasspath,testRuntimeClasspath
org.eclipse.platform:org.eclipse.equinox.p2.garbagecollector:1.2.0=compileClasspath,runtimeClasspath,testCompileClasspath,testFixturesCompileClasspath,testFixturesRuntimeClasspath,testRuntimeClasspath
org.eclipse.platform:org.eclipse.equinox.p2.jarprocessor:1.2.0=compileClasspath,runtimeClasspath,testCompileClasspath,testFixturesCompileClasspath,testFixturesRuntimeClasspath,testRuntimeClasspath
org.eclipse.platform:org.eclipse.equinox.p2.metadata:2.6.0=compileClasspath,runtimeClasspath,testCompileClasspath,testFixturesCompileClasspath,testFixturesRuntimeClasspath,testRuntimeClasspath
org.eclipse.platform:org.eclipse.equinox.p2.publisher.eclipse:1.4.0=compileClasspath,runtimeClasspath,testCompileClasspath,testFixturesCompileClasspath,testFixturesRuntimeClasspath,testRuntimeClasspath
org.eclipse.platform:org.eclipse.equinox.p2.publisher:1.6.0=compileClasspath,runtimeClasspath,testCompileClasspath,testFixturesCompileClasspath,testFixturesRuntimeClasspath,testRuntimeClasspath
org.eclipse.platform:org.eclipse.equinox.p2.repository.tools:2.3.0=compileClasspath,runtimeClasspath,testCompileClasspath,testFixturesCompileClasspath,testFixturesRuntimeClasspath,testRuntimeClasspath
org.eclipse.platform:org.eclipse.equinox.p2.repository:2.5.100=compileClasspath,runtimeClasspath,testCompileClasspath,testFixturesCompileClasspath,testFixturesRuntimeClasspath,testRuntimeClasspath
org.eclipse.platform:org.eclipse.equinox.p2.touchpoint.eclipse:2.3.0=compileClasspath,runtimeClasspath,testCompileClasspath,testFixturesCompileClasspath,testFixturesRuntimeClasspath,testRuntimeClasspath
org.eclipse.platform:org.eclipse.equinox.preferences:3.8.200=compileClasspath,runtimeClasspath,testCompileClasspath,testFixturesCompileClasspath,testFixturesRuntimeClasspath,testRuntimeClasspath
org.eclipse.platform:org.eclipse.equinox.registry:3.10.200=compileClasspath,runtimeClasspath,testCompileClasspath,testFixturesCompileClasspath,testFixturesRuntimeClasspath,testRuntimeClasspath
org.eclipse.platform:org.eclipse.equinox.simpleconfigurator.manipulator:2.2.0=compileClasspath,runtimeClasspath,testCompileClasspath,testFixturesCompileClasspath,testFixturesRuntimeClasspath,testRuntimeClasspath
org.eclipse.platform:org.eclipse.help:3.9.0=compileClasspath,runtimeClasspath,testCompileClasspath,testFixturesRuntimeClasspath,testRuntimeClasspath
org.eclipse.platform:org.eclipse.jface.databinding:1.12.200=compileClasspath,runtimeClasspath,testCompileClasspath,testFixturesRuntimeClasspath,testRuntimeClasspath
org.eclipse.platform:org.eclipse.jface:3.19.0=runtimeClasspath,testFixturesRuntimeClasspath,testRuntimeClasspath
org.eclipse.platform:org.eclipse.jface:3.22.200=compileClasspath,testCompileClasspath
org.eclipse.platform:org.eclipse.osgi:3.15.200=compileClasspath,runtimeClasspath,testCompileClasspath,testFixturesRuntimeClasspath,testRuntimeClasspath
org.eclipse.platform:org.eclipse.osgi:3.16.300=testFixturesCompileClasspath
org.eclipse.platform:org.eclipse.swt:3.114.0=runtimeClasspath,testFixturesRuntimeClasspath,testRuntimeClasspath
org.eclipse.platform:org.eclipse.swt:3.116.100=compileClasspath,testCompileClasspath
org.eclipse.platform:org.eclipse.team.core:3.9.0=compileClasspath,runtimeClasspath,testCompileClasspath,testFixturesCompileClasspath,testFixturesRuntimeClasspath,testRuntimeClasspath
org.eclipse.platform:org.eclipse.text:3.12.0=compileClasspath,runtimeClasspath,testCompileClasspath,testFixturesCompileClasspath,testFixturesRuntimeClasspath,testRuntimeClasspath
org.eclipse.platform:org.eclipse.ui.workbench:3.118.0=compileClasspath,runtimeClasspath,testCompileClasspath,testFixturesRuntimeClasspath,testRuntimeClasspath
org.eclipse.platform:org.eclipse.update.configurator:3.4.800=compileClasspath,runtimeClasspath,testCompileClasspath,testFixturesCompileClasspath,testFixturesRuntimeClasspath,testRuntimeClasspath
org.eclipse.platform:org.eclipse.urischeme:1.1.400=compileClasspath,runtimeClasspath,testCompileClasspath,testFixturesRuntimeClasspath,testRuntimeClasspath
org.eclipse.wst.jsdt:core:1.0.201.v2010012803=compileClasspath,runtimeClasspath,testCompileClasspath,testFixturesRuntimeClasspath,testRuntimeClasspath
org.eclipse.wst.jsdt:ui:1.0.201.v2010012803=compileClasspath,runtimeClasspath,testCompileClasspath,testFixturesRuntimeClasspath,testRuntimeClasspath
org.mozilla:rhino:1.7.13=runtimeClasspath,testFixturesRuntimeClasspath,testRuntimeClasspath
org.ow2.sat4j:org.ow2.sat4j.core:2.3.6=compileClasspath,runtimeClasspath,testCompileClasspath,testFixturesCompileClasspath,testFixturesRuntimeClasspath,testRuntimeClasspath
org.ow2.sat4j:org.ow2.sat4j.pb:2.3.6=compileClasspath,runtimeClasspath,testCompileClasspath,testFixturesCompileClasspath,testFixturesRuntimeClasspath,testRuntimeClasspath
org.tukaani:xz:1.9=compileClasspath,runtimeClasspath,testCompileClasspath,testFixturesCompileClasspath,testFixturesRuntimeClasspath,testRuntimeClasspath
xml-apis:xml-apis-ext:1.3.04=compileClasspath,runtimeClasspath,testCompileClasspath,testFixturesRuntimeClasspath,testRuntimeClasspath
empty=annotationProcessor,signatures,testAnnotationProcessor,testFixturesAnnotationProcessor
